// !$*UTF8*$!
{
	archiveVersion = 1;
	classes = {
	};
	objectVersion = 56;
	objects = {

/* Begin PBXBuildFile section */
		E316D9F329C9A0BA00770494 /* CustomColor.swift in Sources */ = {isa = PBXBuildFile; fileRef = E316D9F229C9A0BA00770494 /* CustomColor.swift */; };
		E316D9F629C9B94600770494 /* ComposableArchitecture in Frameworks */ = {isa = PBXBuildFile; productRef = E316D9F529C9B94600770494 /* ComposableArchitecture */; };
		E36895AB29C499DA00131D32 /* SpaceXApp.swift in Sources */ = {isa = PBXBuildFile; fileRef = E36895AA29C499DA00131D32 /* SpaceXApp.swift */; };
		E36895AF29C499DB00131D32 /* Assets.xcassets in Resources */ = {isa = PBXBuildFile; fileRef = E36895AE29C499DB00131D32 /* Assets.xcassets */; };
		E36895B229C499DB00131D32 /* Preview Assets.xcassets in Resources */ = {isa = PBXBuildFile; fileRef = E36895B129C499DB00131D32 /* Preview Assets.xcassets */; };
		E36895BA29C4A05100131D32 /* RocketList.swift in Sources */ = {isa = PBXBuildFile; fileRef = E36895B929C4A05100131D32 /* RocketList.swift */; };
		E36895BC29C4A09C00131D32 /* RocketListRow.swift in Sources */ = {isa = PBXBuildFile; fileRef = E36895BB29C4A09C00131D32 /* RocketListRow.swift */; };
		E36895C129C4AA8000131D32 /* RocketDetail.swift in Sources */ = {isa = PBXBuildFile; fileRef = E36895C029C4AA8000131D32 /* RocketDetail.swift */; };
		E3695D7229C8499000C92B47 /* APIClient.swift in Sources */ = {isa = PBXBuildFile; fileRef = E3695D7129C8499000C92B47 /* APIClient.swift */; };
		E3695D7529C84D2D00C92B47 /* Rocket.swift in Sources */ = {isa = PBXBuildFile; fileRef = E3695D7429C84D2D00C92B47 /* Rocket.swift */; };
/* End PBXBuildFile section */

/* Begin PBXFileReference section */
		E316D9F229C9A0BA00770494 /* CustomColor.swift */ = {isa = PBXFileReference; lastKnownFileType = sourcecode.swift; path = CustomColor.swift; sourceTree = "<group>"; };
		E36895A729C499DA00131D32 /* SpaceX.app */ = {isa = PBXFileReference; explicitFileType = wrapper.application; includeInIndex = 0; path = SpaceX.app; sourceTree = BUILT_PRODUCTS_DIR; };
		E36895AA29C499DA00131D32 /* SpaceXApp.swift */ = {isa = PBXFileReference; lastKnownFileType = sourcecode.swift; path = SpaceXApp.swift; sourceTree = "<group>"; };
		E36895AE29C499DB00131D32 /* Assets.xcassets */ = {isa = PBXFileReference; lastKnownFileType = folder.assetcatalog; path = Assets.xcassets; sourceTree = "<group>"; };
		E36895B129C499DB00131D32 /* Preview Assets.xcassets */ = {isa = PBXFileReference; lastKnownFileType = folder.assetcatalog; path = "Preview Assets.xcassets"; sourceTree = "<group>"; };
		E36895B929C4A05100131D32 /* RocketList.swift */ = {isa = PBXFileReference; lastKnownFileType = sourcecode.swift; path = RocketList.swift; sourceTree = "<group>"; };
		E36895BB29C4A09C00131D32 /* RocketListRow.swift */ = {isa = PBXFileReference; lastKnownFileType = sourcecode.swift; path = RocketListRow.swift; sourceTree = "<group>"; };
		E36895C029C4AA8000131D32 /* RocketDetail.swift */ = {isa = PBXFileReference; lastKnownFileType = sourcecode.swift; path = RocketDetail.swift; sourceTree = "<group>"; };
		E3695D7129C8499000C92B47 /* APIClient.swift */ = {isa = PBXFileReference; lastKnownFileType = sourcecode.swift; path = APIClient.swift; sourceTree = "<group>"; };
		E3695D7429C84D2D00C92B47 /* Rocket.swift */ = {isa = PBXFileReference; lastKnownFileType = sourcecode.swift; path = Rocket.swift; sourceTree = "<group>"; };
/* End PBXFileReference section */

/* Begin PBXFrameworksBuildPhase section */
		E36895A429C499DA00131D32 /* Frameworks */ = {
			isa = PBXFrameworksBuildPhase;
			buildActionMask = 2147483647;
			files = (
				E316D9F629C9B94600770494 /* ComposableArchitecture in Frameworks */,
			);
			runOnlyForDeploymentPostprocessing = 0;
		};
/* End PBXFrameworksBuildPhase section */

/* Begin PBXGroup section */
		E368959E29C499DA00131D32 = {
			isa = PBXGroup;
			children = (
				E36895A929C499DA00131D32 /* SpaceX */,
				E36895A829C499DA00131D32 /* Products */,
			);
			sourceTree = "<group>";
		};
		E36895A829C499DA00131D32 /* Products */ = {
			isa = PBXGroup;
			children = (
				E36895A729C499DA00131D32 /* SpaceX.app */,
			);
			name = Products;
			sourceTree = "<group>";
		};
		E36895A929C499DA00131D32 /* SpaceX */ = {
			isa = PBXGroup;
			children = (
				E3695D7329C84D2300C92B47 /* Model */,
				E3695D7029C8497F00C92B47 /* API */,
				E36895BF29C4AA7700131D32 /* RocketDetail */,
				E36895B829C4A03D00131D32 /* RocketList */,
				E36895AA29C499DA00131D32 /* SpaceXApp.swift */,
				E316D9F229C9A0BA00770494 /* CustomColor.swift */,
				E36895AE29C499DB00131D32 /* Assets.xcassets */,
				E36895B029C499DB00131D32 /* Preview Content */,
			);
			path = SpaceX;
			sourceTree = "<group>";
		};
		E36895B029C499DB00131D32 /* Preview Content */ = {
			isa = PBXGroup;
			children = (
				E36895B129C499DB00131D32 /* Preview Assets.xcassets */,
			);
			path = "Preview Content";
			sourceTree = "<group>";
		};
		E36895B829C4A03D00131D32 /* RocketList */ = {
			isa = PBXGroup;
			children = (
				E36895B929C4A05100131D32 /* RocketList.swift */,
				E36895BB29C4A09C00131D32 /* RocketListRow.swift */,
			);
			path = RocketList;
			sourceTree = "<group>";
		};
		E36895BF29C4AA7700131D32 /* RocketDetail */ = {
			isa = PBXGroup;
			children = (
				E36895C029C4AA8000131D32 /* RocketDetail.swift */,
			);
			path = RocketDetail;
			sourceTree = "<group>";
		};
		E3695D7029C8497F00C92B47 /* API */ = {
			isa = PBXGroup;
			children = (
				E3695D7129C8499000C92B47 /* APIClient.swift */,
			);
			path = API;
			sourceTree = "<group>";
		};
		E3695D7329C84D2300C92B47 /* Model */ = {
			isa = PBXGroup;
			children = (
				E3695D7429C84D2D00C92B47 /* Rocket.swift */,
			);
			path = Model;
			sourceTree = "<group>";
		};
/* End PBXGroup section */

/* Begin PBXNativeTarget section */
		E36895A629C499DA00131D32 /* SpaceX */ = {
			isa = PBXNativeTarget;
			buildConfigurationList = E36895B529C499DB00131D32 /* Build configuration list for PBXNativeTarget "SpaceX" */;
			buildPhases = (
				E36895A329C499DA00131D32 /* Sources */,
				E36895A429C499DA00131D32 /* Frameworks */,
				E36895A529C499DA00131D32 /* Resources */,
			);
			buildRules = (
			);
			dependencies = (
			);
			name = SpaceX;
			packageProductDependencies = (
				E316D9F529C9B94600770494 /* ComposableArchitecture */,
			);
			productName = SpaceX;
			productReference = E36895A729C499DA00131D32 /* SpaceX.app */;
			productType = "com.apple.product-type.application";
		};
/* End PBXNativeTarget section */

/* Begin PBXProject section */
		E368959F29C499DA00131D32 /* Project object */ = {
			isa = PBXProject;
			attributes = {
				BuildIndependentTargetsInParallel = 1;
				LastSwiftUpdateCheck = 1420;
				LastUpgradeCheck = 1420;
				TargetAttributes = {
					E36895A629C499DA00131D32 = {
						CreatedOnToolsVersion = 14.2;
					};
				};
			};
			buildConfigurationList = E36895A229C499DA00131D32 /* Build configuration list for PBXProject "SpaceX" */;
			compatibilityVersion = "Xcode 14.0";
			developmentRegion = en;
			hasScannedForEncodings = 0;
			knownRegions = (
				en,
				Base,
			);
			mainGroup = E368959E29C499DA00131D32;
			packageReferences = (
				E316D9F429C9B94600770494 /* XCRemoteSwiftPackageReference "swift-composable-architecture" */,
			);
			productRefGroup = E36895A829C499DA00131D32 /* Products */;
			projectDirPath = "";
			projectRoot = "";
			targets = (
				E36895A629C499DA00131D32 /* SpaceX */,
			);
		};
/* End PBXProject section */

/* Begin PBXResourcesBuildPhase section */
		E36895A529C499DA00131D32 /* Resources */ = {
			isa = PBXResourcesBuildPhase;
			buildActionMask = 2147483647;
			files = (
				E36895B229C499DB00131D32 /* Preview Assets.xcassets in Resources */,
				E36895AF29C499DB00131D32 /* Assets.xcassets in Resources */,
			);
			runOnlyForDeploymentPostprocessing = 0;
		};
/* End PBXResourcesBuildPhase section */

/* Begin PBXSourcesBuildPhase section */
		E36895A329C499DA00131D32 /* Sources */ = {
			isa = PBXSourcesBuildPhase;
			buildActionMask = 2147483647;
			files = (
				E36895C129C4AA8000131D32 /* RocketDetail.swift in Sources */,
				E36895BA29C4A05100131D32 /* RocketList.swift in Sources */,
				E316D9F329C9A0BA00770494 /* CustomColor.swift in Sources */,
				E3695D7229C8499000C92B47 /* APIClient.swift in Sources */,
				E3695D7529C84D2D00C92B47 /* Rocket.swift in Sources */,
				E36895AB29C499DA00131D32 /* SpaceXApp.swift in Sources */,
				E36895BC29C4A09C00131D32 /* RocketListRow.swift in Sources */,
			);
			runOnlyForDeploymentPostprocessing = 0;
		};
/* End PBXSourcesBuildPhase section */

/* Begin XCBuildConfiguration section */
		E36895B329C499DB00131D32 /* Debug */ = {
			isa = XCBuildConfiguration;
			buildSettings = {
				ALWAYS_SEARCH_USER_PATHS = NO;
				CLANG_ANALYZER_NONNULL = YES;
				CLANG_ANALYZER_NUMBER_OBJECT_CONVERSION = YES_AGGRESSIVE;
				CLANG_CXX_LANGUAGE_STANDARD = "gnu++20";
				CLANG_ENABLE_MODULES = YES;
				CLANG_ENABLE_OBJC_ARC = YES;
				CLANG_ENABLE_OBJC_WEAK = YES;
				CLANG_WARN_BLOCK_CAPTURE_AUTORELEASING = YES;
				CLANG_WARN_BOOL_CONVERSION = YES;
				CLANG_WARN_COMMA = YES;
				CLANG_WARN_CONSTANT_CONVERSION = YES;
				CLANG_WARN_DEPRECATED_OBJC_IMPLEMENTATIONS = YES;
				CLANG_WARN_DIRECT_OBJC_ISA_USAGE = YES_ERROR;
				CLANG_WARN_DOCUMENTATION_COMMENTS = YES;
				CLANG_WARN_EMPTY_BODY = YES;
				CLANG_WARN_ENUM_CONVERSION = YES;
				CLANG_WARN_INFINITE_RECURSION = YES;
				CLANG_WARN_INT_CONVERSION = YES;
				CLANG_WARN_NON_LITERAL_NULL_CONVERSION = YES;
				CLANG_WARN_OBJC_IMPLICIT_RETAIN_SELF = YES;
				CLANG_WARN_OBJC_LITERAL_CONVERSION = YES;
				CLANG_WARN_OBJC_ROOT_CLASS = YES_ERROR;
				CLANG_WARN_QUOTED_INCLUDE_IN_FRAMEWORK_HEADER = YES;
				CLANG_WARN_RANGE_LOOP_ANALYSIS = YES;
				CLANG_WARN_STRICT_PROTOTYPES = YES;
				CLANG_WARN_SUSPICIOUS_MOVE = YES;
				CLANG_WARN_UNGUARDED_AVAILABILITY = YES_AGGRESSIVE;
				CLANG_WARN_UNREACHABLE_CODE = YES;
				CLANG_WARN__DUPLICATE_METHOD_MATCH = YES;
				COPY_PHASE_STRIP = NO;
				DEBUG_INFORMATION_FORMAT = dwarf;
				ENABLE_STRICT_OBJC_MSGSEND = YES;
				ENABLE_TESTABILITY = YES;
				GCC_C_LANGUAGE_STANDARD = gnu11;
				GCC_DYNAMIC_NO_PIC = NO;
				GCC_NO_COMMON_BLOCKS = YES;
				GCC_OPTIMIZATION_LEVEL = 0;
				GCC_PREPROCESSOR_DEFINITIONS = (
					"DEBUG=1",
					"$(inherited)",
				);
				GCC_WARN_64_TO_32_BIT_CONVERSION = YES;
				GCC_WARN_ABOUT_RETURN_TYPE = YES_ERROR;
				GCC_WARN_UNDECLARED_SELECTOR = YES;
				GCC_WARN_UNINITIALIZED_AUTOS = YES_AGGRESSIVE;
				GCC_WARN_UNUSED_FUNCTION = YES;
				GCC_WARN_UNUSED_VARIABLE = YES;
				IPHONEOS_DEPLOYMENT_TARGET = 16.2;
				MTL_ENABLE_DEBUG_INFO = INCLUDE_SOURCE;
				MTL_FAST_MATH = YES;
				ONLY_ACTIVE_ARCH = YES;
				SDKROOT = iphoneos;
				SWIFT_ACTIVE_COMPILATION_CONDITIONS = DEBUG;
				SWIFT_OPTIMIZATION_LEVEL = "-Onone";
			};
			name = Debug;
		};
		E36895B429C499DB00131D32 /* Release */ = {
			isa = XCBuildConfiguration;
			buildSettings = {
				ALWAYS_SEARCH_USER_PATHS = NO;
				CLANG_ANALYZER_NONNULL = YES;
				CLANG_ANALYZER_NUMBER_OBJECT_CONVERSION = YES_AGGRESSIVE;
				CLANG_CXX_LANGUAGE_STANDARD = "gnu++20";
				CLANG_ENABLE_MODULES = YES;
				CLANG_ENABLE_OBJC_ARC = YES;
				CLANG_ENABLE_OBJC_WEAK = YES;
				CLANG_WARN_BLOCK_CAPTURE_AUTORELEASING = YES;
				CLANG_WARN_BOOL_CONVERSION = YES;
				CLANG_WARN_COMMA = YES;
				CLANG_WARN_CONSTANT_CONVERSION = YES;
				CLANG_WARN_DEPRECATED_OBJC_IMPLEMENTATIONS = YES;
				CLANG_WARN_DIRECT_OBJC_ISA_USAGE = YES_ERROR;
				CLANG_WARN_DOCUMENTATION_COMMENTS = YES;
				CLANG_WARN_EMPTY_BODY = YES;
				CLANG_WARN_ENUM_CONVERSION = YES;
				CLANG_WARN_INFINITE_RECURSION = YES;
				CLANG_WARN_INT_CONVERSION = YES;
				CLANG_WARN_NON_LITERAL_NULL_CONVERSION = YES;
				CLANG_WARN_OBJC_IMPLICIT_RETAIN_SELF = YES;
				CLANG_WARN_OBJC_LITERAL_CONVERSION = YES;
				CLANG_WARN_OBJC_ROOT_CLASS = YES_ERROR;
				CLANG_WARN_QUOTED_INCLUDE_IN_FRAMEWORK_HEADER = YES;
				CLANG_WARN_RANGE_LOOP_ANALYSIS = YES;
				CLANG_WARN_STRICT_PROTOTYPES = YES;
				CLANG_WARN_SUSPICIOUS_MOVE = YES;
				CLANG_WARN_UNGUARDED_AVAILABILITY = YES_AGGRESSIVE;
				CLANG_WARN_UNREACHABLE_CODE = YES;
				CLANG_WARN__DUPLICATE_METHOD_MATCH = YES;
				COPY_PHASE_STRIP = NO;
				DEBUG_INFORMATION_FORMAT = "dwarf-with-dsym";
				ENABLE_NS_ASSERTIONS = NO;
				ENABLE_STRICT_OBJC_MSGSEND = YES;
				GCC_C_LANGUAGE_STANDARD = gnu11;
				GCC_NO_COMMON_BLOCKS = YES;
				GCC_WARN_64_TO_32_BIT_CONVERSION = YES;
				GCC_WARN_ABOUT_RETURN_TYPE = YES_ERROR;
				GCC_WARN_UNDECLARED_SELECTOR = YES;
				GCC_WARN_UNINITIALIZED_AUTOS = YES_AGGRESSIVE;
				GCC_WARN_UNUSED_FUNCTION = YES;
				GCC_WARN_UNUSED_VARIABLE = YES;
				IPHONEOS_DEPLOYMENT_TARGET = 16.2;
				MTL_ENABLE_DEBUG_INFO = NO;
				MTL_FAST_MATH = YES;
				SDKROOT = iphoneos;
				SWIFT_COMPILATION_MODE = wholemodule;
				SWIFT_OPTIMIZATION_LEVEL = "-O";
				VALIDATE_PRODUCT = YES;
			};
			name = Release;
		};
		E36895B629C499DB00131D32 /* Debug */ = {
			isa = XCBuildConfiguration;
			buildSettings = {
				ASSETCATALOG_COMPILER_APPICON_NAME = AppIcon;
				ASSETCATALOG_COMPILER_GLOBAL_ACCENT_COLOR_NAME = AccentColor;
				CODE_SIGN_STYLE = Automatic;
				CURRENT_PROJECT_VERSION = 1;
				DEVELOPMENT_ASSET_PATHS = "\"SpaceX/Preview Content\"";
				DEVELOPMENT_TEAM = E2J23KHEPT;
				ENABLE_PREVIEWS = YES;
				GENERATE_INFOPLIST_FILE = YES;
				INFOPLIST_KEY_UIApplicationSceneManifest_Generation = YES;
				INFOPLIST_KEY_UIApplicationSupportsIndirectInputEvents = YES;
				INFOPLIST_KEY_UILaunchScreen_Generation = YES;
				INFOPLIST_KEY_UISupportedInterfaceOrientations_iPad = "UIInterfaceOrientationPortrait UIInterfaceOrientationPortraitUpsideDown UIInterfaceOrientationLandscapeLeft UIInterfaceOrientationLandscapeRight";
				INFOPLIST_KEY_UISupportedInterfaceOrientations_iPhone = "UIInterfaceOrientationPortrait UIInterfaceOrientationLandscapeLeft UIInterfaceOrientationLandscapeRight";
				LD_RUNPATH_SEARCH_PATHS = (
					"$(inherited)",
					"@executable_path/Frameworks",
				);
				MARKETING_VERSION = 1.0;
				PRODUCT_BUNDLE_IDENTIFIER = cz.lares.SpaceXBrowser;
				PRODUCT_NAME = "$(TARGET_NAME)";
				SWIFT_EMIT_LOC_STRINGS = YES;
				SWIFT_VERSION = 5.0;
				TARGETED_DEVICE_FAMILY = "1,2";
			};
			name = Debug;
		};
		E36895B729C499DB00131D32 /* Release */ = {
			isa = XCBuildConfiguration;
			buildSettings = {
				ASSETCATALOG_COMPILER_APPICON_NAME = AppIcon;
				ASSETCATALOG_COMPILER_GLOBAL_ACCENT_COLOR_NAME = AccentColor;
				CODE_SIGN_STYLE = Automatic;
				CURRENT_PROJECT_VERSION = 1;
				DEVELOPMENT_ASSET_PATHS = "\"SpaceX/Preview Content\"";
				DEVELOPMENT_TEAM = E2J23KHEPT;
				ENABLE_PREVIEWS = YES;
				GENERATE_INFOPLIST_FILE = YES;
				INFOPLIST_KEY_UIApplicationSceneManifest_Generation = YES;
				INFOPLIST_KEY_UIApplicationSupportsIndirectInputEvents = YES;
				INFOPLIST_KEY_UILaunchScreen_Generation = YES;
				INFOPLIST_KEY_UISupportedInterfaceOrientations_iPad = "UIInterfaceOrientationPortrait UIInterfaceOrientationPortraitUpsideDown UIInterfaceOrientationLandscapeLeft UIInterfaceOrientationLandscapeRight";
				INFOPLIST_KEY_UISupportedInterfaceOrientations_iPhone = "UIInterfaceOrientationPortrait UIInterfaceOrientationLandscapeLeft UIInterfaceOrientationLandscapeRight";
				LD_RUNPATH_SEARCH_PATHS = (
					"$(inherited)",
					"@executable_path/Frameworks",
				);
				MARKETING_VERSION = 1.0;
				PRODUCT_BUNDLE_IDENTIFIER = cz.lares.SpaceXBrowser;
				PRODUCT_NAME = "$(TARGET_NAME)";
				SWIFT_EMIT_LOC_STRINGS = YES;
				SWIFT_VERSION = 5.0;
				TARGETED_DEVICE_FAMILY = "1,2";
			};
			name = Release;
		};
/* End XCBuildConfiguration section */

/* Begin XCConfigurationList section */
		E36895A229C499DA00131D32 /* Build configuration list for PBXProject "SpaceX" */ = {
			isa = XCConfigurationList;
			buildConfigurations = (
				E36895B329C499DB00131D32 /* Debug */,
				E36895B429C499DB00131D32 /* Release */,
			);
			defaultConfigurationIsVisible = 0;
			defaultConfigurationName = Release;
		};
		E36895B529C499DB00131D32 /* Build configuration list for PBXNativeTarget "SpaceX" */ = {
			isa = XCConfigurationList;
			buildConfigurations = (
				E36895B629C499DB00131D32 /* Debug */,
				E36895B729C499DB00131D32 /* Release */,
			);
			defaultConfigurationIsVisible = 0;
			defaultConfigurationName = Release;
		};
/* End XCConfigurationList section */

/* Begin XCRemoteSwiftPackageReference section */
		E316D9F429C9B94600770494 /* XCRemoteSwiftPackageReference "swift-composable-architecture" */ = {
			isa = XCRemoteSwiftPackageReference;
			repositoryURL = "https://github.com/pointfreeco/swift-composable-architecture";
			requirement = {
				kind = upToNextMajorVersion;
				minimumVersion = 0.9.0;
			};
		};
/* End XCRemoteSwiftPackageReference section */

/* Begin XCSwiftPackageProductDependency section */
		E316D9F529C9B94600770494 /* ComposableArchitecture */ = {
			isa = XCSwiftPackageProductDependency;
			package = E316D9F429C9B94600770494 /* XCRemoteSwiftPackageReference "swift-composable-architecture" */;
			productName = ComposableArchitecture;
		};
/* End XCSwiftPackageProductDependency section */
	};
	rootObject = E368959F29C499DA00131D32 /* Project object */;
}
